
Microsoft Visual Studio Solution File, Format Version 12.00
# Visual Studio 2012
Project("{FAE04EC0-301F-11D3-BF4B-00C04F79EFBC}") = "ConferenceManager", "ConferenceTrackManagement\ConferenceManager.csproj", "{041D602D-2BA7-4813-A339-EB3ED9F4A353}"
EndProject
Project("{FAE04EC0-301F-11D3-BF4B-00C04F79EFBC}") = "ConferenceManagerTester", "ConferenceTrackManagementTester\ConferenceManagerTester.csproj", "{6DBBFDB8-A072-4364-BFFF-DF198BA76012}"
EndProject
Global
	GlobalSection(SolutionConfigurationPlatforms) = preSolution
		Debug|Any CPU = Debug|Any CPU
		Release|Any CPU = Release|Any CPU
	EndGlobalSection
	GlobalSection(ProjectConfigurationPlatforms) = postSolution
		{041D602D-2BA7-4813-A339-EB3ED9F4A353}.Debug|Any CPU.ActiveCfg = Debug|Any CPU
		{041D602D-2BA7-4813-A339-EB3ED9F4A353}.Debug|Any CPU.Build.0 = Debug|Any CPU
		{041D602D-2BA7-4813-A339-EB3ED9F4A353}.Release|Any CPU.ActiveCfg = Release|Any CPU
		{041D602D-2BA7-4813-A339-EB3ED9F4A353}.Release|Any CPU.Build.0 = Release|Any CPU
		{6DBBFDB8-A072-4364-BFFF-DF198BA76012}.Debug|Any CPU.ActiveCfg = Debug|Any CPU
		{6DBBFDB8-A072-4364-BFFF-DF198BA76012}.Debug|Any CPU.Build.0 = Debug|Any CPU
		{6DBBFDB8-A072-4364-BFFF-DF198BA76012}.Release|Any CPU.ActiveCfg = Release|Any CPU
		{6DBBFDB8-A072-4364-BFFF-DF198BA76012}.Release|Any CPU.Build.0 = Release|Any CPU
	EndGlobalSection
	GlobalSection(SolutionProperties) = preSolution
		HideSolutionNode = FALSE
	EndGlobalSection
EndGlobal
